// !$*UTF8*$!
{
	archiveVersion = 1;
	classes = {
	};
	objectVersion = 56;
	objects = {

/* Begin PBXBuildFile section */
		A163F1E3295D70A000086B94 /* AppDelegate.swift in Sources */ = {isa = PBXBuildFile; fileRef = A163F1E2295D70A000086B94 /* AppDelegate.swift */; };
		A163F1E5295D70A000086B94 /* SceneDelegate.swift in Sources */ = {isa = PBXBuildFile; fileRef = A163F1E4295D70A000086B94 /* SceneDelegate.swift */; };
		A163F1EC295D70A100086B94 /* Assets.xcassets in Resources */ = {isa = PBXBuildFile; fileRef = A163F1EB295D70A100086B94 /* Assets.xcassets */; };
		A163F1EF295D70A100086B94 /* LaunchScreen.storyboard in Resources */ = {isa = PBXBuildFile; fileRef = A163F1ED295D70A100086B94 /* LaunchScreen.storyboard */; };
		A163F1F8295D714400086B94 /* User.swift in Sources */ = {isa = PBXBuildFile; fileRef = A163F1F7295D714400086B94 /* User.swift */; };
		A163F200295D773B00086B94 /* UserMapper.swift in Sources */ = {isa = PBXBuildFile; fileRef = A163F1FF295D773B00086B94 /* UserMapper.swift */; };
		A163F202295D77D300086B94 /* APIClient.swift in Sources */ = {isa = PBXBuildFile; fileRef = A163F201295D77D300086B94 /* APIClient.swift */; };
		A163F205295D781E00086B94 /* APIClientStub.swift in Sources */ = {isa = PBXBuildFile; fileRef = A163F204295D781E00086B94 /* APIClientStub.swift */; };
		A163F208295D7B9300086B94 /* UserItem.swift in Sources */ = {isa = PBXBuildFile; fileRef = A163F207295D7B9300086B94 /* UserItem.swift */; };
		A163F20B295D7BB000086B94 /* UserListViewController.swift in Sources */ = {isa = PBXBuildFile; fileRef = A163F20A295D7BB000086B94 /* UserListViewController.swift */; };
		A163F20F295D7E4B00086B94 /* UserViewAdapter.swift in Sources */ = {isa = PBXBuildFile; fileRef = A163F20E295D7E4B00086B94 /* UserViewAdapter.swift */; };
		A163F211295D7F4200086B94 /* UserFactory.swift in Sources */ = {isa = PBXBuildFile; fileRef = A163F210295D7F4200086B94 /* UserFactory.swift */; };
		A163F217295D83A800086B94 /* UserDetails.swift in Sources */ = {isa = PBXBuildFile; fileRef = A163F216295D83A800086B94 /* UserDetails.swift */; };
		A163F219295D83D700086B94 /* UserDetailsLoader.swift in Sources */ = {isa = PBXBuildFile; fileRef = A163F218295D83D700086B94 /* UserDetailsLoader.swift */; };
		A163F21C295D843600086B94 /* RemoteUserDetailsLoader.swift in Sources */ = {isa = PBXBuildFile; fileRef = A163F21B295D843600086B94 /* RemoteUserDetailsLoader.swift */; };
		A163F21E295D880300086B94 /* APIClient2.swift in Sources */ = {isa = PBXBuildFile; fileRef = A163F21D295D880300086B94 /* APIClient2.swift */; };
		A163F220295D881600086B94 /* UserDetailsMapper.swift in Sources */ = {isa = PBXBuildFile; fileRef = A163F21F295D881600086B94 /* UserDetailsMapper.swift */; };
		A163F223295D892F00086B94 /* ApiClientStub2.swift in Sources */ = {isa = PBXBuildFile; fileRef = A163F222295D892F00086B94 /* ApiClientStub2.swift */; };
		A163F226295D8AD000086B94 /* UserDetailsItem.swift in Sources */ = {isa = PBXBuildFile; fileRef = A163F225295D8AD000086B94 /* UserDetailsItem.swift */; };
		A163F229295D8BBD00086B94 /* UserDetailsViewController.swift in Sources */ = {isa = PBXBuildFile; fileRef = A163F228295D8BBD00086B94 /* UserDetailsViewController.swift */; };
		A163F22C295D8CA400086B94 /* UserDetailsViewControllerAdapter.swift in Sources */ = {isa = PBXBuildFile; fileRef = A163F22B295D8CA400086B94 /* UserDetailsViewControllerAdapter.swift */; };
		A163F22E295D8D3600086B94 /* UIKitUserDetailsFactory.swift in Sources */ = {isa = PBXBuildFile; fileRef = A163F22D295D8D3600086B94 /* UIKitUserDetailsFactory.swift */; };
		A163F230295D8D6D00086B94 /* MainQueueDispatchDecorator2.swift in Sources */ = {isa = PBXBuildFile; fileRef = A163F22F295D8D6D00086B94 /* MainQueueDispatchDecorator2.swift */; };
		A163F234295D90E500086B94 /* UserDetailsView.swift in Sources */ = {isa = PBXBuildFile; fileRef = A163F233295D90E500086B94 /* UserDetailsView.swift */; };
		A163F236295D915B00086B94 /* UserDetailsViewModel.swift in Sources */ = {isa = PBXBuildFile; fileRef = A163F235295D915B00086B94 /* UserDetailsViewModel.swift */; };
		A163F23A295D924B00086B94 /* UserDetailsViewAdapter.swift in Sources */ = {isa = PBXBuildFile; fileRef = A163F239295D924B00086B94 /* UserDetailsViewAdapter.swift */; };
		A163F23C295D928900086B94 /* SwiftUIUserDetailsFactory.swift in Sources */ = {isa = PBXBuildFile; fileRef = A163F23B295D928900086B94 /* SwiftUIUserDetailsFactory.swift */; };
		A163F23E295D939900086B94 /* UserListViewModel.swift in Sources */ = {isa = PBXBuildFile; fileRef = A163F23D295D939900086B94 /* UserListViewModel.swift */; };
		A163F240295D945F00086B94 /* UserViewWithViewModelAdapter.swift in Sources */ = {isa = PBXBuildFile; fileRef = A163F23F295D945F00086B94 /* UserViewWithViewModelAdapter.swift */; };
		A163F242295D954B00086B94 /* UserFactoryWithViewModel.swift in Sources */ = {isa = PBXBuildFile; fileRef = A163F241295D954B00086B94 /* UserFactoryWithViewModel.swift */; };
		A189E4BC296587DD003BE679 /* UserListCoordinator.swift in Sources */ = {isa = PBXBuildFile; fileRef = A189E4BB296587DD003BE679 /* UserListCoordinator.swift */; };
		A189E4BE296587EC003BE679 /* UserListFactory.swift in Sources */ = {isa = PBXBuildFile; fileRef = A189E4BD296587EC003BE679 /* UserListFactory.swift */; };
		A189E4C0296587F6003BE679 /* Coordinator.swift in Sources */ = {isa = PBXBuildFile; fileRef = A189E4BF296587F6003BE679 /* Coordinator.swift */; };
		A189E4C32965881F003BE679 /* UserDetailsCoordinator.swift in Sources */ = {isa = PBXBuildFile; fileRef = A189E4C22965881F003BE679 /* UserDetailsCoordinator.swift */; };
		A189E4C5296588BF003BE679 /* UserDetailsFactory.swift in Sources */ = {isa = PBXBuildFile; fileRef = A189E4C4296588BF003BE679 /* UserDetailsFactory.swift */; };
/* End PBXBuildFile section */

/* Begin PBXFileReference section */
		A163F1DF295D70A000086B94 /* ArchitectureExample.app */ = {isa = PBXFileReference; explicitFileType = wrapper.application; includeInIndex = 0; path = ArchitectureExample.app; sourceTree = BUILT_PRODUCTS_DIR; };
		A163F1E2295D70A000086B94 /* AppDelegate.swift */ = {isa = PBXFileReference; lastKnownFileType = sourcecode.swift; path = AppDelegate.swift; sourceTree = "<group>"; };
		A163F1E4295D70A000086B94 /* SceneDelegate.swift */ = {isa = PBXFileReference; lastKnownFileType = sourcecode.swift; path = SceneDelegate.swift; sourceTree = "<group>"; };
		A163F1EB295D70A100086B94 /* Assets.xcassets */ = {isa = PBXFileReference; lastKnownFileType = folder.assetcatalog; path = Assets.xcassets; sourceTree = "<group>"; };
		A163F1EE295D70A100086B94 /* Base */ = {isa = PBXFileReference; lastKnownFileType = file.storyboard; name = Base; path = Base.lproj/LaunchScreen.storyboard; sourceTree = "<group>"; };
		A163F1F0295D70A100086B94 /* Info.plist */ = {isa = PBXFileReference; lastKnownFileType = text.plist.xml; path = Info.plist; sourceTree = "<group>"; };
		A163F1F7295D714400086B94 /* User.swift */ = {isa = PBXFileReference; lastKnownFileType = sourcecode.swift; path = User.swift; sourceTree = "<group>"; };
		A163F1FF295D773B00086B94 /* UserMapper.swift */ = {isa = PBXFileReference; lastKnownFileType = sourcecode.swift; path = UserMapper.swift; sourceTree = "<group>"; };
		A163F201295D77D300086B94 /* APIClient.swift */ = {isa = PBXFileReference; lastKnownFileType = sourcecode.swift; path = APIClient.swift; sourceTree = "<group>"; };
		A163F204295D781E00086B94 /* APIClientStub.swift */ = {isa = PBXFileReference; lastKnownFileType = sourcecode.swift; path = APIClientStub.swift; sourceTree = "<group>"; };
		A163F207295D7B9300086B94 /* UserItem.swift */ = {isa = PBXFileReference; lastKnownFileType = sourcecode.swift; path = UserItem.swift; sourceTree = "<group>"; };
		A163F20A295D7BB000086B94 /* UserListViewController.swift */ = {isa = PBXFileReference; lastKnownFileType = sourcecode.swift; path = UserListViewController.swift; sourceTree = "<group>"; };
		A163F20E295D7E4B00086B94 /* UserViewAdapter.swift */ = {isa = PBXFileReference; lastKnownFileType = sourcecode.swift; path = UserViewAdapter.swift; sourceTree = "<group>"; };
		A163F210295D7F4200086B94 /* UserFactory.swift */ = {isa = PBXFileReference; lastKnownFileType = sourcecode.swift; path = UserFactory.swift; sourceTree = "<group>"; };
		A163F216295D83A800086B94 /* UserDetails.swift */ = {isa = PBXFileReference; lastKnownFileType = sourcecode.swift; path = UserDetails.swift; sourceTree = "<group>"; };
		A163F218295D83D700086B94 /* UserDetailsLoader.swift */ = {isa = PBXFileReference; lastKnownFileType = sourcecode.swift; path = UserDetailsLoader.swift; sourceTree = "<group>"; };
		A163F21B295D843600086B94 /* RemoteUserDetailsLoader.swift */ = {isa = PBXFileReference; lastKnownFileType = sourcecode.swift; path = RemoteUserDetailsLoader.swift; sourceTree = "<group>"; };
		A163F21D295D880300086B94 /* APIClient2.swift */ = {isa = PBXFileReference; lastKnownFileType = sourcecode.swift; path = APIClient2.swift; sourceTree = "<group>"; };
		A163F21F295D881600086B94 /* UserDetailsMapper.swift */ = {isa = PBXFileReference; lastKnownFileType = sourcecode.swift; path = UserDetailsMapper.swift; sourceTree = "<group>"; };
		A163F222295D892F00086B94 /* ApiClientStub2.swift */ = {isa = PBXFileReference; lastKnownFileType = sourcecode.swift; path = ApiClientStub2.swift; sourceTree = "<group>"; };
		A163F225295D8AD000086B94 /* UserDetailsItem.swift */ = {isa = PBXFileReference; lastKnownFileType = sourcecode.swift; path = UserDetailsItem.swift; sourceTree = "<group>"; };
		A163F228295D8BBD00086B94 /* UserDetailsViewController.swift */ = {isa = PBXFileReference; lastKnownFileType = sourcecode.swift; path = UserDetailsViewController.swift; sourceTree = "<group>"; };
		A163F22B295D8CA400086B94 /* UserDetailsViewControllerAdapter.swift */ = {isa = PBXFileReference; lastKnownFileType = sourcecode.swift; path = UserDetailsViewControllerAdapter.swift; sourceTree = "<group>"; };
		A163F22D295D8D3600086B94 /* UIKitUserDetailsFactory.swift */ = {isa = PBXFileReference; lastKnownFileType = sourcecode.swift; path = UIKitUserDetailsFactory.swift; sourceTree = "<group>"; };
		A163F22F295D8D6D00086B94 /* MainQueueDispatchDecorator2.swift */ = {isa = PBXFileReference; lastKnownFileType = sourcecode.swift; path = MainQueueDispatchDecorator2.swift; sourceTree = "<group>"; };
		A163F233295D90E500086B94 /* UserDetailsView.swift */ = {isa = PBXFileReference; lastKnownFileType = sourcecode.swift; path = UserDetailsView.swift; sourceTree = "<group>"; };
		A163F235295D915B00086B94 /* UserDetailsViewModel.swift */ = {isa = PBXFileReference; lastKnownFileType = sourcecode.swift; path = UserDetailsViewModel.swift; sourceTree = "<group>"; };
		A163F239295D924B00086B94 /* UserDetailsViewAdapter.swift */ = {isa = PBXFileReference; lastKnownFileType = sourcecode.swift; path = UserDetailsViewAdapter.swift; sourceTree = "<group>"; };
		A163F23B295D928900086B94 /* SwiftUIUserDetailsFactory.swift */ = {isa = PBXFileReference; lastKnownFileType = sourcecode.swift; path = SwiftUIUserDetailsFactory.swift; sourceTree = "<group>"; };
		A163F23D295D939900086B94 /* UserListViewModel.swift */ = {isa = PBXFileReference; lastKnownFileType = sourcecode.swift; path = UserListViewModel.swift; sourceTree = "<group>"; };
		A163F23F295D945F00086B94 /* UserViewWithViewModelAdapter.swift */ = {isa = PBXFileReference; lastKnownFileType = sourcecode.swift; path = UserViewWithViewModelAdapter.swift; sourceTree = "<group>"; };
		A163F241295D954B00086B94 /* UserFactoryWithViewModel.swift */ = {isa = PBXFileReference; lastKnownFileType = sourcecode.swift; path = UserFactoryWithViewModel.swift; sourceTree = "<group>"; };
		A189E4BB296587DD003BE679 /* UserListCoordinator.swift */ = {isa = PBXFileReference; lastKnownFileType = sourcecode.swift; path = UserListCoordinator.swift; sourceTree = "<group>"; };
		A189E4BD296587EC003BE679 /* UserListFactory.swift */ = {isa = PBXFileReference; lastKnownFileType = sourcecode.swift; path = UserListFactory.swift; sourceTree = "<group>"; };
		A189E4BF296587F6003BE679 /* Coordinator.swift */ = {isa = PBXFileReference; lastKnownFileType = sourcecode.swift; path = Coordinator.swift; sourceTree = "<group>"; };
		A189E4C22965881F003BE679 /* UserDetailsCoordinator.swift */ = {isa = PBXFileReference; lastKnownFileType = sourcecode.swift; path = UserDetailsCoordinator.swift; sourceTree = "<group>"; };
		A189E4C4296588BF003BE679 /* UserDetailsFactory.swift */ = {isa = PBXFileReference; lastKnownFileType = sourcecode.swift; path = UserDetailsFactory.swift; sourceTree = "<group>"; };
/* End PBXFileReference section */

/* Begin PBXFrameworksBuildPhase section */
		A163F1DC295D70A000086B94 /* Frameworks */ = {
			isa = PBXFrameworksBuildPhase;
			buildActionMask = 2147483647;
			files = (
			);
			runOnlyForDeploymentPostprocessing = 0;
		};
/* End PBXFrameworksBuildPhase section */

/* Begin PBXGroup section */
		A163F1D6295D70A000086B94 = {
			isa = PBXGroup;
			children = (
				A163F1E1295D70A000086B94 /* ArchitectureExample */,
				A163F1E0295D70A000086B94 /* Products */,
			);
			sourceTree = "<group>";
		};
		A163F1E0295D70A000086B94 /* Products */ = {
			isa = PBXGroup;
			children = (
				A163F1DF295D70A000086B94 /* ArchitectureExample.app */,
			);
			name = Products;
			sourceTree = "<group>";
		};
		A163F1E1295D70A000086B94 /* ArchitectureExample */ = {
			isa = PBXGroup;
			children = (
				A163F1E2295D70A000086B94 /* AppDelegate.swift */,
				A163F1E4295D70A000086B94 /* SceneDelegate.swift */,
				A189E4BF296587F6003BE679 /* Coordinator.swift */,
				A163F1F6295D713D00086B94 /* User */,
				A163F214295D838800086B94 /* UserDetails */,
				A163F1EB295D70A100086B94 /* Assets.xcassets */,
				A163F1ED295D70A100086B94 /* LaunchScreen.storyboard */,
				A163F1F0295D70A100086B94 /* Info.plist */,
			);
			path = ArchitectureExample;
			sourceTree = "<group>";
		};
		A163F1F6295D713D00086B94 /* User */ = {
			isa = PBXGroup;
			children = (
				A189E4BA296587D3003BE679 /* Coordinator */,
				A163F20D295D7E4500086B94 /* Composition */,
				A163F1FB295D719100086B94 /* Domain */,
				A163F1FC295D767F00086B94 /* API */,
				A163F203295D77D700086B94 /* Infra */,
				A163F206295D7B8E00086B94 /* Presentation */,
				A163F209295D7BA500086B94 /* UI */,
			);
			path = User;
			sourceTree = "<group>";
		};
		A163F1FB295D719100086B94 /* Domain */ = {
			isa = PBXGroup;
			children = (
				A163F1F7295D714400086B94 /* User.swift */,
			);
			path = Domain;
			sourceTree = "<group>";
		};
		A163F1FC295D767F00086B94 /* API */ = {
			isa = PBXGroup;
			children = (
				A163F1FF295D773B00086B94 /* UserMapper.swift */,
			);
			path = API;
			sourceTree = "<group>";
		};
		A163F203295D77D700086B94 /* Infra */ = {
			isa = PBXGroup;
			children = (
				A163F201295D77D300086B94 /* APIClient.swift */,
				A163F204295D781E00086B94 /* APIClientStub.swift */,
			);
			path = Infra;
			sourceTree = "<group>";
		};
		A163F206295D7B8E00086B94 /* Presentation */ = {
			isa = PBXGroup;
			children = (
				A163F207295D7B9300086B94 /* UserItem.swift */,
				A163F23D295D939900086B94 /* UserListViewModel.swift */,
			);
			path = Presentation;
			sourceTree = "<group>";
		};
		A163F209295D7BA500086B94 /* UI */ = {
			isa = PBXGroup;
			children = (
				A163F20A295D7BB000086B94 /* UserListViewController.swift */,
			);
			path = UI;
			sourceTree = "<group>";
		};
		A163F20D295D7E4500086B94 /* Composition */ = {
			isa = PBXGroup;
			children = (
				A163F20E295D7E4B00086B94 /* UserViewAdapter.swift */,
				A163F210295D7F4200086B94 /* UserFactory.swift */,
				A163F23F295D945F00086B94 /* UserViewWithViewModelAdapter.swift */,
				A163F241295D954B00086B94 /* UserFactoryWithViewModel.swift */,
			);
			path = Composition;
			sourceTree = "<group>";
		};
		A163F214295D838800086B94 /* UserDetails */ = {
			isa = PBXGroup;
			children = (
				A189E4C129658818003BE679 /* Coordinator */,
				A163F22A295D8C9B00086B94 /* Composition */,
				A163F215295D83A200086B94 /* Domain */,
				A163F21A295D842800086B94 /* API */,
				A163F221295D892200086B94 /* Infra */,
				A163F224295D8AB700086B94 /* Presentation */,
				A163F227295D8BAB00086B94 /* UI */,
			);
			path = UserDetails;
			sourceTree = "<group>";
		};
		A163F215295D83A200086B94 /* Domain */ = {
			isa = PBXGroup;
			children = (
				A163F216295D83A800086B94 /* UserDetails.swift */,
				A163F218295D83D700086B94 /* UserDetailsLoader.swift */,
			);
			path = Domain;
			sourceTree = "<group>";
		};
		A163F21A295D842800086B94 /* API */ = {
			isa = PBXGroup;
			children = (
				A163F21B295D843600086B94 /* RemoteUserDetailsLoader.swift */,
				A163F21F295D881600086B94 /* UserDetailsMapper.swift */,
				A163F21D295D880300086B94 /* APIClient2.swift */,
			);
			path = API;
			sourceTree = "<group>";
		};
		A163F221295D892200086B94 /* Infra */ = {
			isa = PBXGroup;
			children = (
				A163F222295D892F00086B94 /* ApiClientStub2.swift */,
			);
			path = Infra;
			sourceTree = "<group>";
		};
		A163F224295D8AB700086B94 /* Presentation */ = {
			isa = PBXGroup;
			children = (
				A163F225295D8AD000086B94 /* UserDetailsItem.swift */,
			);
			path = Presentation;
			sourceTree = "<group>";
		};
		A163F227295D8BAB00086B94 /* UI */ = {
			isa = PBXGroup;
			children = (
				A163F231295D90D800086B94 /* UIKit */,
				A163F232295D90DB00086B94 /* SwiftUI */,
			);
			path = UI;
			sourceTree = "<group>";
		};
		A163F22A295D8C9B00086B94 /* Composition */ = {
			isa = PBXGroup;
			children = (
				A163F22F295D8D6D00086B94 /* MainQueueDispatchDecorator2.swift */,
				A163F238295D920500086B94 /* SwiftUI */,
				A163F237295D91F800086B94 /* UIKit */,
			);
			path = Composition;
			sourceTree = "<group>";
		};
		A163F231295D90D800086B94 /* UIKit */ = {
			isa = PBXGroup;
			children = (
				A163F228295D8BBD00086B94 /* UserDetailsViewController.swift */,
			);
			path = UIKit;
			sourceTree = "<group>";
		};
		A163F232295D90DB00086B94 /* SwiftUI */ = {
			isa = PBXGroup;
			children = (
				A163F233295D90E500086B94 /* UserDetailsView.swift */,
				A163F235295D915B00086B94 /* UserDetailsViewModel.swift */,
			);
			path = SwiftUI;
			sourceTree = "<group>";
		};
		A163F237295D91F800086B94 /* UIKit */ = {
			isa = PBXGroup;
			children = (
				A163F22B295D8CA400086B94 /* UserDetailsViewControllerAdapter.swift */,
				A163F22D295D8D3600086B94 /* UIKitUserDetailsFactory.swift */,
			);
			path = UIKit;
			sourceTree = "<group>";
		};
		A163F238295D920500086B94 /* SwiftUI */ = {
			isa = PBXGroup;
			children = (
				A163F239295D924B00086B94 /* UserDetailsViewAdapter.swift */,
				A163F23B295D928900086B94 /* SwiftUIUserDetailsFactory.swift */,
			);
			path = SwiftUI;
			sourceTree = "<group>";
		};
		A189E4BA296587D3003BE679 /* Coordinator */ = {
			isa = PBXGroup;
			children = (
				A189E4BB296587DD003BE679 /* UserListCoordinator.swift */,
				A189E4BD296587EC003BE679 /* UserListFactory.swift */,
			);
			path = Coordinator;
			sourceTree = "<group>";
		};
		A189E4C129658818003BE679 /* Coordinator */ = {
			isa = PBXGroup;
			children = (
				A189E4C22965881F003BE679 /* UserDetailsCoordinator.swift */,
				A189E4C4296588BF003BE679 /* UserDetailsFactory.swift */,
			);
			path = Coordinator;
			sourceTree = "<group>";
		};
/* End PBXGroup section */

/* Begin PBXNativeTarget section */
		A163F1DE295D70A000086B94 /* ArchitectureExample */ = {
			isa = PBXNativeTarget;
			buildConfigurationList = A163F1F3295D70A100086B94 /* Build configuration list for PBXNativeTarget "ArchitectureExample" */;
			buildPhases = (
				A163F1DB295D70A000086B94 /* Sources */,
				A163F1DC295D70A000086B94 /* Frameworks */,
				A163F1DD295D70A000086B94 /* Resources */,
			);
			buildRules = (
			);
			dependencies = (
			);
			name = ArchitectureExample;
			productName = ArchitectureExample;
			productReference = A163F1DF295D70A000086B94 /* ArchitectureExample.app */;
			productType = "com.apple.product-type.application";
		};
/* End PBXNativeTarget section */

/* Begin PBXProject section */
		A163F1D7295D70A000086B94 /* Project object */ = {
			isa = PBXProject;
			attributes = {
				BuildIndependentTargetsInParallel = 1;
				LastSwiftUpdateCheck = 1410;
				LastUpgradeCheck = 1410;
				TargetAttributes = {
					A163F1DE295D70A000086B94 = {
						CreatedOnToolsVersion = 14.1;
					};
				};
			};
			buildConfigurationList = A163F1DA295D70A000086B94 /* Build configuration list for PBXProject "ArchitectureExample" */;
			compatibilityVersion = "Xcode 14.0";
			developmentRegion = en;
			hasScannedForEncodings = 0;
			knownRegions = (
				en,
				Base,
			);
			mainGroup = A163F1D6295D70A000086B94;
			productRefGroup = A163F1E0295D70A000086B94 /* Products */;
			projectDirPath = "";
			projectRoot = "";
			targets = (
				A163F1DE295D70A000086B94 /* ArchitectureExample */,
			);
		};
/* End PBXProject section */

/* Begin PBXResourcesBuildPhase section */
		A163F1DD295D70A000086B94 /* Resources */ = {
			isa = PBXResourcesBuildPhase;
			buildActionMask = 2147483647;
			files = (
				A163F1EF295D70A100086B94 /* LaunchScreen.storyboard in Resources */,
				A163F1EC295D70A100086B94 /* Assets.xcassets in Resources */,
			);
			runOnlyForDeploymentPostprocessing = 0;
		};
/* End PBXResourcesBuildPhase section */

/* Begin PBXSourcesBuildPhase section */
		A163F1DB295D70A000086B94 /* Sources */ = {
			isa = PBXSourcesBuildPhase;
			buildActionMask = 2147483647;
			files = (
				A189E4C32965881F003BE679 /* UserDetailsCoordinator.swift in Sources */,
				A163F22E295D8D3600086B94 /* UIKitUserDetailsFactory.swift in Sources */,
				A163F21C295D843600086B94 /* RemoteUserDetailsLoader.swift in Sources */,
				A163F240295D945F00086B94 /* UserViewWithViewModelAdapter.swift in Sources */,
				A163F21E295D880300086B94 /* APIClient2.swift in Sources */,
				A163F1E3295D70A000086B94 /* AppDelegate.swift in Sources */,
				A163F23E295D939900086B94 /* UserListViewModel.swift in Sources */,
				A163F20F295D7E4B00086B94 /* UserViewAdapter.swift in Sources */,
				A163F234295D90E500086B94 /* UserDetailsView.swift in Sources */,
				A163F202295D77D300086B94 /* APIClient.swift in Sources */,
				A163F208295D7B9300086B94 /* UserItem.swift in Sources */,
				A163F22C295D8CA400086B94 /* UserDetailsViewControllerAdapter.swift in Sources */,
				A163F223295D892F00086B94 /* ApiClientStub2.swift in Sources */,
				A163F23A295D924B00086B94 /* UserDetailsViewAdapter.swift in Sources */,
				A189E4BC296587DD003BE679 /* UserListCoordinator.swift in Sources */,
				A189E4C5296588BF003BE679 /* UserDetailsFactory.swift in Sources */,
				A163F220295D881600086B94 /* UserDetailsMapper.swift in Sources */,
				A163F1E5295D70A000086B94 /* SceneDelegate.swift in Sources */,
				A163F229295D8BBD00086B94 /* UserDetailsViewController.swift in Sources */,
				A163F242295D954B00086B94 /* UserFactoryWithViewModel.swift in Sources */,
				A163F20B295D7BB000086B94 /* UserListViewController.swift in Sources */,
				A163F236295D915B00086B94 /* UserDetailsViewModel.swift in Sources */,
				A163F211295D7F4200086B94 /* UserFactory.swift in Sources */,
				A163F219295D83D700086B94 /* UserDetailsLoader.swift in Sources */,
				A163F230295D8D6D00086B94 /* MainQueueDispatchDecorator2.swift in Sources */,
				A189E4BE296587EC003BE679 /* UserListFactory.swift in Sources */,
				A189E4C0296587F6003BE679 /* Coordinator.swift in Sources */,
				A163F200295D773B00086B94 /* UserMapper.swift in Sources */,
				A163F23C295D928900086B94 /* SwiftUIUserDetailsFactory.swift in Sources */,
				A163F205295D781E00086B94 /* APIClientStub.swift in Sources */,
				A163F226295D8AD000086B94 /* UserDetailsItem.swift in Sources */,
				A163F217295D83A800086B94 /* UserDetails.swift in Sources */,
				A163F1F8295D714400086B94 /* User.swift in Sources */,
			);
			runOnlyForDeploymentPostprocessing = 0;
		};
/* End PBXSourcesBuildPhase section */

/* Begin PBXVariantGroup section */
		A163F1ED295D70A100086B94 /* LaunchScreen.storyboard */ = {
			isa = PBXVariantGroup;
			children = (
				A163F1EE295D70A100086B94 /* Base */,
			);
			name = LaunchScreen.storyboard;
			sourceTree = "<group>";
		};
/* End PBXVariantGroup section */

/* Begin XCBuildConfiguration section */
		A163F1F1295D70A100086B94 /* Debug */ = {
			isa = XCBuildConfiguration;
			buildSettings = {
				ALWAYS_SEARCH_USER_PATHS = NO;
				CLANG_ANALYZER_NONNULL = YES;
				CLANG_ANALYZER_NUMBER_OBJECT_CONVERSION = YES_AGGRESSIVE;
				CLANG_CXX_LANGUAGE_STANDARD = "gnu++20";
				CLANG_ENABLE_MODULES = YES;
				CLANG_ENABLE_OBJC_ARC = YES;
				CLANG_ENABLE_OBJC_WEAK = YES;
				CLANG_WARN_BLOCK_CAPTURE_AUTORELEASING = YES;
				CLANG_WARN_BOOL_CONVERSION = YES;
				CLANG_WARN_COMMA = YES;
				CLANG_WARN_CONSTANT_CONVERSION = YES;
				CLANG_WARN_DEPRECATED_OBJC_IMPLEMENTATIONS = YES;
				CLANG_WARN_DIRECT_OBJC_ISA_USAGE = YES_ERROR;
				CLANG_WARN_DOCUMENTATION_COMMENTS = YES;
				CLANG_WARN_EMPTY_BODY = YES;
				CLANG_WARN_ENUM_CONVERSION = YES;
				CLANG_WARN_INFINITE_RECURSION = YES;
				CLANG_WARN_INT_CONVERSION = YES;
				CLANG_WARN_NON_LITERAL_NULL_CONVERSION = YES;
				CLANG_WARN_OBJC_IMPLICIT_RETAIN_SELF = YES;
				CLANG_WARN_OBJC_LITERAL_CONVERSION = YES;
				CLANG_WARN_OBJC_ROOT_CLASS = YES_ERROR;
				CLANG_WARN_QUOTED_INCLUDE_IN_FRAMEWORK_HEADER = YES;
				CLANG_WARN_RANGE_LOOP_ANALYSIS = YES;
				CLANG_WARN_STRICT_PROTOTYPES = YES;
				CLANG_WARN_SUSPICIOUS_MOVE = YES;
				CLANG_WARN_UNGUARDED_AVAILABILITY = YES_AGGRESSIVE;
				CLANG_WARN_UNREACHABLE_CODE = YES;
				CLANG_WARN__DUPLICATE_METHOD_MATCH = YES;
				COPY_PHASE_STRIP = NO;
				DEBUG_INFORMATION_FORMAT = dwarf;
				ENABLE_STRICT_OBJC_MSGSEND = YES;
				ENABLE_TESTABILITY = YES;
				GCC_C_LANGUAGE_STANDARD = gnu11;
				GCC_DYNAMIC_NO_PIC = NO;
				GCC_NO_COMMON_BLOCKS = YES;
				GCC_OPTIMIZATION_LEVEL = 0;
				GCC_PREPROCESSOR_DEFINITIONS = (
					"DEBUG=1",
					"$(inherited)",
				);
				GCC_WARN_64_TO_32_BIT_CONVERSION = YES;
				GCC_WARN_ABOUT_RETURN_TYPE = YES_ERROR;
				GCC_WARN_UNDECLARED_SELECTOR = YES;
				GCC_WARN_UNINITIALIZED_AUTOS = YES_AGGRESSIVE;
				GCC_WARN_UNUSED_FUNCTION = YES;
				GCC_WARN_UNUSED_VARIABLE = YES;
				IPHONEOS_DEPLOYMENT_TARGET = 16.1;
				MTL_ENABLE_DEBUG_INFO = INCLUDE_SOURCE;
				MTL_FAST_MATH = YES;
				ONLY_ACTIVE_ARCH = YES;
				SDKROOT = iphoneos;
				SWIFT_ACTIVE_COMPILATION_CONDITIONS = DEBUG;
				SWIFT_OPTIMIZATION_LEVEL = "-Onone";
			};
			name = Debug;
		};
		A163F1F2295D70A100086B94 /* Release */ = {
			isa = XCBuildConfiguration;
			buildSettings = {
				ALWAYS_SEARCH_USER_PATHS = NO;
				CLANG_ANALYZER_NONNULL = YES;
				CLANG_ANALYZER_NUMBER_OBJECT_CONVERSION = YES_AGGRESSIVE;
				CLANG_CXX_LANGUAGE_STANDARD = "gnu++20";
				CLANG_ENABLE_MODULES = YES;
				CLANG_ENABLE_OBJC_ARC = YES;
				CLANG_ENABLE_OBJC_WEAK = YES;
				CLANG_WARN_BLOCK_CAPTURE_AUTORELEASING = YES;
				CLANG_WARN_BOOL_CONVERSION = YES;
				CLANG_WARN_COMMA = YES;
				CLANG_WARN_CONSTANT_CONVERSION = YES;
				CLANG_WARN_DEPRECATED_OBJC_IMPLEMENTATIONS = YES;
				CLANG_WARN_DIRECT_OBJC_ISA_USAGE = YES_ERROR;
				CLANG_WARN_DOCUMENTATION_COMMENTS = YES;
				CLANG_WARN_EMPTY_BODY = YES;
				CLANG_WARN_ENUM_CONVERSION = YES;
				CLANG_WARN_INFINITE_RECURSION = YES;
				CLANG_WARN_INT_CONVERSION = YES;
				CLANG_WARN_NON_LITERAL_NULL_CONVERSION = YES;
				CLANG_WARN_OBJC_IMPLICIT_RETAIN_SELF = YES;
				CLANG_WARN_OBJC_LITERAL_CONVERSION = YES;
				CLANG_WARN_OBJC_ROOT_CLASS = YES_ERROR;
				CLANG_WARN_QUOTED_INCLUDE_IN_FRAMEWORK_HEADER = YES;
				CLANG_WARN_RANGE_LOOP_ANALYSIS = YES;
				CLANG_WARN_STRICT_PROTOTYPES = YES;
				CLANG_WARN_SUSPICIOUS_MOVE = YES;
				CLANG_WARN_UNGUARDED_AVAILABILITY = YES_AGGRESSIVE;
				CLANG_WARN_UNREACHABLE_CODE = YES;
				CLANG_WARN__DUPLICATE_METHOD_MATCH = YES;
				COPY_PHASE_STRIP = NO;
				DEBUG_INFORMATION_FORMAT = "dwarf-with-dsym";
				ENABLE_NS_ASSERTIONS = NO;
				ENABLE_STRICT_OBJC_MSGSEND = YES;
				GCC_C_LANGUAGE_STANDARD = gnu11;
				GCC_NO_COMMON_BLOCKS = YES;
				GCC_WARN_64_TO_32_BIT_CONVERSION = YES;
				GCC_WARN_ABOUT_RETURN_TYPE = YES_ERROR;
				GCC_WARN_UNDECLARED_SELECTOR = YES;
				GCC_WARN_UNINITIALIZED_AUTOS = YES_AGGRESSIVE;
				GCC_WARN_UNUSED_FUNCTION = YES;
				GCC_WARN_UNUSED_VARIABLE = YES;
				IPHONEOS_DEPLOYMENT_TARGET = 16.1;
				MTL_ENABLE_DEBUG_INFO = NO;
				MTL_FAST_MATH = YES;
				SDKROOT = iphoneos;
				SWIFT_COMPILATION_MODE = wholemodule;
				SWIFT_OPTIMIZATION_LEVEL = "-O";
				VALIDATE_PRODUCT = YES;
			};
			name = Release;
		};
		A163F1F4295D70A100086B94 /* Debug */ = {
			isa = XCBuildConfiguration;
			buildSettings = {
				ASSETCATALOG_COMPILER_APPICON_NAME = AppIcon;
				ASSETCATALOG_COMPILER_GLOBAL_ACCENT_COLOR_NAME = AccentColor;
				CODE_SIGN_STYLE = Automatic;
				CURRENT_PROJECT_VERSION = 1;
				DEVELOPMENT_TEAM = T8V5YBM8TY;
				GENERATE_INFOPLIST_FILE = YES;
				INFOPLIST_FILE = ArchitectureExample/Info.plist;
				INFOPLIST_KEY_UIApplicationSupportsIndirectInputEvents = YES;
				INFOPLIST_KEY_UILaunchStoryboardName = LaunchScreen;
				INFOPLIST_KEY_UISupportedInterfaceOrientations_iPad = "UIInterfaceOrientationPortrait UIInterfaceOrientationPortraitUpsideDown UIInterfaceOrientationLandscapeLeft UIInterfaceOrientationLandscapeRight";
				INFOPLIST_KEY_UISupportedInterfaceOrientations_iPhone = "UIInterfaceOrientationPortrait UIInterfaceOrientationLandscapeLeft UIInterfaceOrientationLandscapeRight";
				LD_RUNPATH_SEARCH_PATHS = (
					"$(inherited)",
					"@executable_path/Frameworks",
				);
				MARKETING_VERSION = 1.0;
				PRODUCT_BUNDLE_IDENTIFIER = test.com.ArchitectureExample;
				PRODUCT_NAME = "$(TARGET_NAME)";
				SWIFT_EMIT_LOC_STRINGS = YES;
				SWIFT_VERSION = 5.0;
				TARGETED_DEVICE_FAMILY = "1,2";
			};
			name = Debug;
		};
		A163F1F5295D70A100086B94 /* Release */ = {
			isa = XCBuildConfiguration;
			buildSettings = {
				ASSETCATALOG_COMPILER_APPICON_NAME = AppIcon;
				ASSETCATALOG_COMPILER_GLOBAL_ACCENT_COLOR_NAME = AccentColor;
				CODE_SIGN_STYLE = Automatic;
				CURRENT_PROJECT_VERSION = 1;
				DEVELOPMENT_TEAM = T8V5YBM8TY;
				GENERATE_INFOPLIST_FILE = YES;
				INFOPLIST_FILE = ArchitectureExample/Info.plist;
				INFOPLIST_KEY_UIApplicationSupportsIndirectInputEvents = YES;
				INFOPLIST_KEY_UILaunchStoryboardName = LaunchScreen;
				INFOPLIST_KEY_UISupportedInterfaceOrientations_iPad = "UIInterfaceOrientationPortrait UIInterfaceOrientationPortraitUpsideDown UIInterfaceOrientationLandscapeLeft UIInterfaceOrientationLandscapeRight";
				INFOPLIST_KEY_UISupportedInterfaceOrientations_iPhone = "UIInterfaceOrientationPortrait UIInterfaceOrientationLandscapeLeft UIInterfaceOrientationLandscapeRight";
				LD_RUNPATH_SEARCH_PATHS = (
					"$(inherited)",
					"@executable_path/Frameworks",
				);
				MARKETING_VERSION = 1.0;
				PRODUCT_BUNDLE_IDENTIFIER = test.com.ArchitectureExample;
				PRODUCT_NAME = "$(TARGET_NAME)";
				SWIFT_EMIT_LOC_STRINGS = YES;
				SWIFT_VERSION = 5.0;
				TARGETED_DEVICE_FAMILY = "1,2";
			};
			name = Release;
		};
/* End XCBuildConfiguration section */

/* Begin XCConfigurationList section */
		A163F1DA295D70A000086B94 /* Build configuration list for PBXProject "ArchitectureExample" */ = {
			isa = XCConfigurationList;
			buildConfigurations = (
				A163F1F1295D70A100086B94 /* Debug */,
				A163F1F2295D70A100086B94 /* Release */,
			);
			defaultConfigurationIsVisible = 0;
			defaultConfigurationName = Release;
		};
		A163F1F3295D70A100086B94 /* Build configuration list for PBXNativeTarget "ArchitectureExample" */ = {
			isa = XCConfigurationList;
			buildConfigurations = (
				A163F1F4295D70A100086B94 /* Debug */,
				A163F1F5295D70A100086B94 /* Release */,
			);
			defaultConfigurationIsVisible = 0;
			defaultConfigurationName = Release;
		};
/* End XCConfigurationList section */
	};
	rootObject = A163F1D7295D70A000086B94 /* Project object */;
}
